
Microsoft Visual Studio Solution File, Format Version 12.00
# Visual Studio 15
VisualStudioVersion = 15.0.26730.8
MinimumVisualStudioVersion = 10.0.40219.1
Project("{FAE04EC0-301F-11D3-BF4B-00C04F79EFBC}") = "Alarm_App", "Alarm_App\Alarm_App\Alarm_App.csproj", "{E4706C4F-3BF9-4D76-80F0-B535F2D0DECF}"
EndProject
Project("{FAE04EC0-301F-11D3-BF4B-00C04F79EFBC}") = "Alarm_App.Android", "Alarm_App\Alarm_App.Android\Alarm_App.Android.csproj", "{FFAF80C0-1FEA-42CC-A89A-14AE18A52598}"
EndProject
Project("{FAE04EC0-301F-11D3-BF4B-00C04F79EFBC}") = "Alarm_App.iOS", "Alarm_App\Alarm_App.iOS\Alarm_App.iOS.csproj", "{4C2B7A71-BEF2-49DD-8075-A2CE6064B936}"
EndProject
Global
	GlobalSection(SolutionConfigurationPlatforms) = preSolution
		Debug|Any CPU = Debug|Any CPU
		Debug|iPhone = Debug|iPhone
		Debug|iPhoneSimulator = Debug|iPhoneSimulator
		Release|Any CPU = Release|Any CPU
		Release|iPhone = Release|iPhone
		Release|iPhoneSimulator = Release|iPhoneSimulator
	EndGlobalSection
	GlobalSection(ProjectConfigurationPlatforms) = postSolution
		{E4706C4F-3BF9-4D76-80F0-B535F2D0DECF}.Debug|Any CPU.ActiveCfg = Debug|Any CPU
		{E4706C4F-3BF9-4D76-80F0-B535F2D0DECF}.Debug|Any CPU.Build.0 = Debug|Any CPU
		{E4706C4F-3BF9-4D76-80F0-B535F2D0DECF}.Debug|iPhone.ActiveCfg = Debug|Any CPU
		{E4706C4F-3BF9-4D76-80F0-B535F2D0DECF}.Debug|iPhone.Build.0 = Debug|Any CPU
		{E4706C4F-3BF9-4D76-80F0-B535F2D0DECF}.Debug|iPhoneSimulator.ActiveCfg = Debug|Any CPU
		{E4706C4F-3BF9-4D76-80F0-B535F2D0DECF}.Debug|iPhoneSimulator.Build.0 = Debug|Any CPU
		{E4706C4F-3BF9-4D76-80F0-B535F2D0DECF}.Release|Any CPU.ActiveCfg = Release|Any CPU
		{E4706C4F-3BF9-4D76-80F0-B535F2D0DECF}.Release|Any CPU.Build.0 = Release|Any CPU
		{E4706C4F-3BF9-4D76-80F0-B535F2D0DECF}.Release|iPhone.ActiveCfg = Release|Any CPU
		{E4706C4F-3BF9-4D76-80F0-B535F2D0DECF}.Release|iPhone.Build.0 = Release|Any CPU
		{E4706C4F-3BF9-4D76-80F0-B535F2D0DECF}.Release|iPhoneSimulator.ActiveCfg = Release|Any CPU
		{E4706C4F-3BF9-4D76-80F0-B535F2D0DECF}.Release|iPhoneSimulator.Build.0 = Release|Any CPU
		{FFAF80C0-1FEA-42CC-A89A-14AE18A52598}.Debug|Any CPU.ActiveCfg = Debug|Any CPU
		{FFAF80C0-1FEA-42CC-A89A-14AE18A52598}.Debug|Any CPU.Build.0 = Debug|Any CPU
		{FFAF80C0-1FEA-42CC-A89A-14AE18A52598}.Debug|Any CPU.Deploy.0 = Debug|Any CPU
		{FFAF80C0-1FEA-42CC-A89A-14AE18A52598}.Debug|iPhone.ActiveCfg = Debug|Any CPU
		{FFAF80C0-1FEA-42CC-A89A-14AE18A52598}.Debug|iPhone.Build.0 = Debug|Any CPU
		{FFAF80C0-1FEA-42CC-A89A-14AE18A52598}.Debug|iPhone.Deploy.0 = Debug|Any CPU
		{FFAF80C0-1FEA-42CC-A89A-14AE18A52598}.Debug|iPhoneSimulator.ActiveCfg = Debug|Any CPU
		{FFAF80C0-1FEA-42CC-A89A-14AE18A52598}.Debug|iPhoneSimulator.Build.0 = Debug|Any CPU
		{FFAF80C0-1FEA-42CC-A89A-14AE18A52598}.Debug|iPhoneSimulator.Deploy.0 = Debug|Any CPU
		{FFAF80C0-1FEA-42CC-A89A-14AE18A52598}.Release|Any CPU.ActiveCfg = Release|Any CPU
		{FFAF80C0-1FEA-42CC-A89A-14AE18A52598}.Release|Any CPU.Build.0 = Release|Any CPU
		{FFAF80C0-1FEA-42CC-A89A-14AE18A52598}.Release|Any CPU.Deploy.0 = Release|Any CPU
		{FFAF80C0-1FEA-42CC-A89A-14AE18A52598}.Release|iPhone.ActiveCfg = Release|Any CPU
		{FFAF80C0-1FEA-42CC-A89A-14AE18A52598}.Release|iPhone.Build.0 = Release|Any CPU
		{FFAF80C0-1FEA-42CC-A89A-14AE18A52598}.Release|iPhone.Deploy.0 = Release|Any CPU
		{FFAF80C0-1FEA-42CC-A89A-14AE18A52598}.Release|iPhoneSimulator.ActiveCfg = Release|Any CPU
		{FFAF80C0-1FEA-42CC-A89A-14AE18A52598}.Release|iPhoneSimulator.Build.0 = Release|Any CPU
		{FFAF80C0-1FEA-42CC-A89A-14AE18A52598}.Release|iPhoneSimulator.Deploy.0 = Release|Any CPU
		{4C2B7A71-BEF2-49DD-8075-A2CE6064B936}.Debug|Any CPU.ActiveCfg = Debug|iPhone
		{4C2B7A71-BEF2-49DD-8075-A2CE6064B936}.Debug|iPhone.ActiveCfg = Debug|iPhone
		{4C2B7A71-BEF2-49DD-8075-A2CE6064B936}.Debug|iPhone.Build.0 = Debug|iPhone
		{4C2B7A71-BEF2-49DD-8075-A2CE6064B936}.Debug|iPhoneSimulator.ActiveCfg = Debug|iPhoneSimulator
		{4C2B7A71-BEF2-49DD-8075-A2CE6064B936}.Debug|iPhoneSimulator.Build.0 = Debug|iPhoneSimulator
		{4C2B7A71-BEF2-49DD-8075-A2CE6064B936}.Release|Any CPU.ActiveCfg = Release|iPhone
		{4C2B7A71-BEF2-49DD-8075-A2CE6064B936}.Release|iPhone.ActiveCfg = Release|iPhone
		{4C2B7A71-BEF2-49DD-8075-A2CE6064B936}.Release|iPhone.Build.0 = Release|iPhone
		{4C2B7A71-BEF2-49DD-8075-A2CE6064B936}.Release|iPhoneSimulator.ActiveCfg = Release|iPhoneSimulator
		{4C2B7A71-BEF2-49DD-8075-A2CE6064B936}.Release|iPhoneSimulator.Build.0 = Release|iPhoneSimulator
	EndGlobalSection
	GlobalSection(SolutionProperties) = preSolution
		HideSolutionNode = FALSE
	EndGlobalSection
	GlobalSection(ExtensibilityGlobals) = postSolution
		SolutionGuid = {707DF583-6F0D-4A74-AA37-54D89FFC9EFC}
	EndGlobalSection
EndGlobal
